
Microsoft Visual Studio Solution File, Format Version 12.00
# Visual Studio Version 17
VisualStudioVersion = 17.0.32112.339
MinimumVisualStudioVersion = 10.0.40219.1
Project("{9A19103F-16F7-4668-BE54-9A1E7A4F7556}") = "Extractor", "Extractor\Extractor.csproj", "{DC30CAF7-235D-48AB-8E1E-5307060665F7}"
EndProject
Project("{9A19103F-16F7-4668-BE54-9A1E7A4F7556}") = "Server", "Server\Server.csproj", "{425F974C-1CC5-47E1-BA25-85DA3EC857E6}"
EndProject
Project("{9A19103F-16F7-4668-BE54-9A1E7A4F7556}") = "Launcher", "Autoupdater\Launcher.csproj", "{E33C909F-FBBC-4D0B-B828-D1B4D92BE992}"
EndProject
Global
	GlobalSection(SolutionConfigurationPlatforms) = preSolution
		Debug|Any CPU = Debug|Any CPU
		Debug|x64 = Debug|x64
		Debug|x86 = Debug|x86
		Release|Any CPU = Release|Any CPU
		Release|x64 = Release|x64
		Release|x86 = Release|x86
	EndGlobalSection
	GlobalSection(ProjectConfigurationPlatforms) = postSolution
		{DC30CAF7-235D-48AB-8E1E-5307060665F7}.Debug|Any CPU.ActiveCfg = Debug|Any CPU
		{DC30CAF7-235D-48AB-8E1E-5307060665F7}.Debug|Any CPU.Build.0 = Debug|Any CPU
		{DC30CAF7-235D-48AB-8E1E-5307060665F7}.Debug|x64.ActiveCfg = Debug|Any CPU
		{DC30CAF7-235D-48AB-8E1E-5307060665F7}.Debug|x64.Build.0 = Debug|Any CPU
		{DC30CAF7-235D-48AB-8E1E-5307060665F7}.Debug|x86.ActiveCfg = Debug|Any CPU
		{DC30CAF7-235D-48AB-8E1E-5307060665F7}.Debug|x86.Build.0 = Debug|Any CPU
		{DC30CAF7-235D-48AB-8E1E-5307060665F7}.Release|Any CPU.ActiveCfg = Release|Any CPU
		{DC30CAF7-235D-48AB-8E1E-5307060665F7}.Release|Any CPU.Build.0 = Release|Any CPU
		{DC30CAF7-235D-48AB-8E1E-5307060665F7}.Release|x64.ActiveCfg = Release|Any CPU
		{DC30CAF7-235D-48AB-8E1E-5307060665F7}.Release|x64.Build.0 = Release|Any CPU
		{DC30CAF7-235D-48AB-8E1E-5307060665F7}.Release|x86.ActiveCfg = Release|Any CPU
		{DC30CAF7-235D-48AB-8E1E-5307060665F7}.Release|x86.Build.0 = Release|Any CPU
		{425F974C-1CC5-47E1-BA25-85DA3EC857E6}.Debug|Any CPU.ActiveCfg = Debug|Any CPU
		{425F974C-1CC5-47E1-BA25-85DA3EC857E6}.Debug|Any CPU.Build.0 = Debug|Any CPU
		{425F974C-1CC5-47E1-BA25-85DA3EC857E6}.Debug|x64.ActiveCfg = Debug|Any CPU
		{425F974C-1CC5-47E1-BA25-85DA3EC857E6}.Debug|x64.Build.0 = Debug|Any CPU
		{425F974C-1CC5-47E1-BA25-85DA3EC857E6}.Debug|x86.ActiveCfg = Debug|Any CPU
		{425F974C-1CC5-47E1-BA25-85DA3EC857E6}.Debug|x86.Build.0 = Debug|Any CPU
		{425F974C-1CC5-47E1-BA25-85DA3EC857E6}.Release|Any CPU.ActiveCfg = Release|Any CPU
		{425F974C-1CC5-47E1-BA25-85DA3EC857E6}.Release|Any CPU.Build.0 = Release|Any CPU
		{425F974C-1CC5-47E1-BA25-85DA3EC857E6}.Release|x64.ActiveCfg = Release|Any CPU
		{425F974C-1CC5-47E1-BA25-85DA3EC857E6}.Release|x64.Build.0 = Release|Any CPU
		{425F974C-1CC5-47E1-BA25-85DA3EC857E6}.Release|x86.ActiveCfg = Release|Any CPU
		{425F974C-1CC5-47E1-BA25-85DA3EC857E6}.Release|x86.Build.0 = Release|Any CPU
		{E33C909F-FBBC-4D0B-B828-D1B4D92BE992}.Debug|Any CPU.ActiveCfg = Debug|Any CPU
		{E33C909F-FBBC-4D0B-B828-D1B4D92BE992}.Debug|Any CPU.Build.0 = Debug|Any CPU
		{E33C909F-FBBC-4D0B-B828-D1B4D92BE992}.Debug|x64.ActiveCfg = Debug|Any CPU
		{E33C909F-FBBC-4D0B-B828-D1B4D92BE992}.Debug|x64.Build.0 = Debug|Any CPU
		{E33C909F-FBBC-4D0B-B828-D1B4D92BE992}.Debug|x86.ActiveCfg = Debug|Any CPU
		{E33C909F-FBBC-4D0B-B828-D1B4D92BE992}.Debug|x86.Build.0 = Debug|Any CPU
		{E33C909F-FBBC-4D0B-B828-D1B4D92BE992}.Release|Any CPU.ActiveCfg = Release|Any CPU
		{E33C909F-FBBC-4D0B-B828-D1B4D92BE992}.Release|Any CPU.Build.0 = Release|Any CPU
		{E33C909F-FBBC-4D0B-B828-D1B4D92BE992}.Release|x64.ActiveCfg = Release|Any CPU
		{E33C909F-FBBC-4D0B-B828-D1B4D92BE992}.Release|x64.Build.0 = Release|Any CPU
		{E33C909F-FBBC-4D0B-B828-D1B4D92BE992}.Release|x86.ActiveCfg = Release|Any CPU
		{E33C909F-FBBC-4D0B-B828-D1B4D92BE992}.Release|x86.Build.0 = Release|Any CPU
	EndGlobalSection
	GlobalSection(SolutionProperties) = preSolution
		HideSolutionNode = FALSE
	EndGlobalSection
	GlobalSection(ExtensibilityGlobals) = postSolution
		SolutionGuid = {60A37802-6FD0-4F12-AD3F-00663F84D008}
	EndGlobalSection
	GlobalSection(Performance) = preSolution
		HasPerformanceSessions = true
	EndGlobalSection
	GlobalSection(Performance) = preSolution
		HasPerformanceSessions = true
	EndGlobalSection
EndGlobal
